
Microsoft Visual Studio Solution File, Format Version 12.00
# Visual Studio Version 17
VisualStudioVersion = 17.9.34728.123
MinimumVisualStudioVersion = 10.0.40219.1
Project("{9A19103F-16F7-4668-BE54-9A1E7A4F7556}") = "ApiCrud", "ApiCrud.csproj", "{FC3297F9-ED76-4EE2-8094-EA05C5E95B9D}"
EndProject
Global
	GlobalSection(SolutionConfigurationPlatforms) = preSolution
		Debug|Any CPU = Debug|Any CPU
		Release|Any CPU = Release|Any CPU
	EndGlobalSection
	GlobalSection(ProjectConfigurationPlatforms) = postSolution
		{FC3297F9-ED76-4EE2-8094-EA05C5E95B9D}.Debug|Any CPU.ActiveCfg = Debug|Any CPU
		{FC3297F9-ED76-4EE2-8094-EA05C5E95B9D}.Debug|Any CPU.Build.0 = Debug|Any CPU
		{FC3297F9-ED76-4EE2-8094-EA05C5E95B9D}.Release|Any CPU.ActiveCfg = Release|Any CPU
		{FC3297F9-ED76-4EE2-8094-EA05C5E95B9D}.Release|Any CPU.Build.0 = Release|Any CPU
	EndGlobalSection
	GlobalSection(SolutionProperties) = preSolution
		HideSolutionNode = FALSE
	EndGlobalSection
	GlobalSection(ExtensibilityGlobals) = postSolution
		SolutionGuid = {D407D15B-4E9F-43A6-AF12-28EAB8A664F9}
	EndGlobalSection
EndGlobal
